
Microsoft Visual Studio Solution File, Format Version 12.00
# Visual Studio Version 16
VisualStudioVersion = 16.0.32002.261
MinimumVisualStudioVersion = 10.0.40219.1
Project("{FAE04EC0-301F-11D3-BF4B-00C04F79EFBC}") = "cursoBasico", "cursoBasico\cursoBasico.csproj", "{C71FA773-E5C9-4C6D-9C3D-C544E3DD3AB1}"
EndProject
Project("{FAE04EC0-301F-11D3-BF4B-00C04F79EFBC}") = "WinForm", "WinForm\WinForm.csproj", "{C7F613F6-6509-4467-8E65-B0D9CF0C2080}"
EndProject
Global
	GlobalSection(SolutionConfigurationPlatforms) = preSolution
		Debug|Any CPU = Debug|Any CPU
		Release|Any CPU = Release|Any CPU
	EndGlobalSection
	GlobalSection(ProjectConfigurationPlatforms) = postSolution
		{C71FA773-E5C9-4C6D-9C3D-C544E3DD3AB1}.Debug|Any CPU.ActiveCfg = Debug|Any CPU
		{C71FA773-E5C9-4C6D-9C3D-C544E3DD3AB1}.Debug|Any CPU.Build.0 = Debug|Any CPU
		{C71FA773-E5C9-4C6D-9C3D-C544E3DD3AB1}.Release|Any CPU.ActiveCfg = Release|Any CPU
		{C71FA773-E5C9-4C6D-9C3D-C544E3DD3AB1}.Release|Any CPU.Build.0 = Release|Any CPU
		{C7F613F6-6509-4467-8E65-B0D9CF0C2080}.Debug|Any CPU.ActiveCfg = Debug|Any CPU
		{C7F613F6-6509-4467-8E65-B0D9CF0C2080}.Debug|Any CPU.Build.0 = Debug|Any CPU
		{C7F613F6-6509-4467-8E65-B0D9CF0C2080}.Release|Any CPU.ActiveCfg = Release|Any CPU
		{C7F613F6-6509-4467-8E65-B0D9CF0C2080}.Release|Any CPU.Build.0 = Release|Any CPU
	EndGlobalSection
	GlobalSection(SolutionProperties) = preSolution
		HideSolutionNode = FALSE
	EndGlobalSection
	GlobalSection(ExtensibilityGlobals) = postSolution
		SolutionGuid = {4BBF428B-F356-49DE-843A-B3C72ABC58CC}
	EndGlobalSection
EndGlobal
